// !$*UTF8*$!
{
	archiveVersion = 1;
	classes = {
	};
	objectVersion = 50;
	objects = {

/* Begin PBXBuildFile section */
		490001372661EABE00EF0CEE /* berriesApp.swift in Sources */ = {isa = PBXBuildFile; fileRef = 490001362661EABE00EF0CEE /* berriesApp.swift */; };
		490001392661EABE00EF0CEE /* ContentView.swift in Sources */ = {isa = PBXBuildFile; fileRef = 490001382661EABE00EF0CEE /* ContentView.swift */; };
		4900013B2661EABE00EF0CEE /* Assets.xcassets in Resources */ = {isa = PBXBuildFile; fileRef = 4900013A2661EABE00EF0CEE /* Assets.xcassets */; };
		4900013E2661EABE00EF0CEE /* Preview Assets.xcassets in Resources */ = {isa = PBXBuildFile; fileRef = 4900013D2661EABE00EF0CEE /* Preview Assets.xcassets */; };
		490001482661FB2F00EF0CEE /* BerryCardView.swift in Sources */ = {isa = PBXBuildFile; fileRef = 490001472661FB2F00EF0CEE /* BerryCardView.swift */; };
		4900014A2662042200EF0CEE /* StartButtonView.swift in Sources */ = {isa = PBXBuildFile; fileRef = 490001492662042200EF0CEE /* StartButtonView.swift */; };
		4900014C26621CB200EF0CEE /* OnBoardingView.swift in Sources */ = {isa = PBXBuildFile; fileRef = 4900014B26621CB200EF0CEE /* OnBoardingView.swift */; };
		4900014F266224FF00EF0CEE /* BerryModel.swift in Sources */ = {isa = PBXBuildFile; fileRef = 4900014E266224FF00EF0CEE /* BerryModel.swift */; };
		490001522662269800EF0CEE /* BerryData.swift in Sources */ = {isa = PBXBuildFile; fileRef = 490001512662269800EF0CEE /* BerryData.swift */; };
		497C295926636B6F0011A440 /* BerryRowView.swift in Sources */ = {isa = PBXBuildFile; fileRef = 497C295826636B6F0011A440 /* BerryRowView.swift */; };
		497C295B266384770011A440 /* BerryDetailView.swift in Sources */ = {isa = PBXBuildFile; fileRef = 497C295A266384770011A440 /* BerryDetailView.swift */; };
		497C295D26638BC40011A440 /* BerryHeaderView.swift in Sources */ = {isa = PBXBuildFile; fileRef = 497C295C26638BC40011A440 /* BerryHeaderView.swift */; };
		497C295F266392FF0011A440 /* SourceLinkView.swift in Sources */ = {isa = PBXBuildFile; fileRef = 497C295E266392FF0011A440 /* SourceLinkView.swift */; };
		497C2961266398550011A440 /* BerryNutrientsView.swift in Sources */ = {isa = PBXBuildFile; fileRef = 497C2960266398550011A440 /* BerryNutrientsView.swift */; };
/* End PBXBuildFile section */

/* Begin PBXFileReference section */
		490001332661EABE00EF0CEE /* berries.app */ = {isa = PBXFileReference; explicitFileType = wrapper.application; includeInIndex = 0; path = berries.app; sourceTree = BUILT_PRODUCTS_DIR; };
		490001362661EABE00EF0CEE /* berriesApp.swift */ = {isa = PBXFileReference; lastKnownFileType = sourcecode.swift; path = berriesApp.swift; sourceTree = "<group>"; };
		490001382661EABE00EF0CEE /* ContentView.swift */ = {isa = PBXFileReference; lastKnownFileType = sourcecode.swift; path = ContentView.swift; sourceTree = "<group>"; };
		4900013A2661EABE00EF0CEE /* Assets.xcassets */ = {isa = PBXFileReference; lastKnownFileType = folder.assetcatalog; path = Assets.xcassets; sourceTree = "<group>"; };
		4900013D2661EABE00EF0CEE /* Preview Assets.xcassets */ = {isa = PBXFileReference; lastKnownFileType = folder.assetcatalog; path = "Preview Assets.xcassets"; sourceTree = "<group>"; };
		4900013F2661EABE00EF0CEE /* Info.plist */ = {isa = PBXFileReference; lastKnownFileType = text.plist.xml; path = Info.plist; sourceTree = "<group>"; };
		490001472661FB2F00EF0CEE /* BerryCardView.swift */ = {isa = PBXFileReference; lastKnownFileType = sourcecode.swift; path = BerryCardView.swift; sourceTree = "<group>"; };
		490001492662042200EF0CEE /* StartButtonView.swift */ = {isa = PBXFileReference; lastKnownFileType = sourcecode.swift; path = StartButtonView.swift; sourceTree = "<group>"; };
		4900014B26621CB200EF0CEE /* OnBoardingView.swift */ = {isa = PBXFileReference; lastKnownFileType = sourcecode.swift; path = OnBoardingView.swift; sourceTree = "<group>"; };
		4900014E266224FF00EF0CEE /* BerryModel.swift */ = {isa = PBXFileReference; lastKnownFileType = sourcecode.swift; path = BerryModel.swift; sourceTree = "<group>"; };
		490001512662269800EF0CEE /* BerryData.swift */ = {isa = PBXFileReference; lastKnownFileType = sourcecode.swift; path = BerryData.swift; sourceTree = "<group>"; };
		497C295826636B6F0011A440 /* BerryRowView.swift */ = {isa = PBXFileReference; lastKnownFileType = sourcecode.swift; path = BerryRowView.swift; sourceTree = "<group>"; };
		497C295A266384770011A440 /* BerryDetailView.swift */ = {isa = PBXFileReference; lastKnownFileType = sourcecode.swift; path = BerryDetailView.swift; sourceTree = "<group>"; };
		497C295C26638BC40011A440 /* BerryHeaderView.swift */ = {isa = PBXFileReference; lastKnownFileType = sourcecode.swift; path = BerryHeaderView.swift; sourceTree = "<group>"; };
		497C295E266392FF0011A440 /* SourceLinkView.swift */ = {isa = PBXFileReference; lastKnownFileType = sourcecode.swift; path = SourceLinkView.swift; sourceTree = "<group>"; };
		497C2960266398550011A440 /* BerryNutrientsView.swift */ = {isa = PBXFileReference; lastKnownFileType = sourcecode.swift; path = BerryNutrientsView.swift; sourceTree = "<group>"; };
/* End PBXFileReference section */

/* Begin PBXFrameworksBuildPhase section */
		490001302661EABE00EF0CEE /* Frameworks */ = {
			isa = PBXFrameworksBuildPhase;
			buildActionMask = 2147483647;
			files = (
			);
			runOnlyForDeploymentPostprocessing = 0;
		};
/* End PBXFrameworksBuildPhase section */

/* Begin PBXGroup section */
		4900012A2661EABE00EF0CEE = {
			isa = PBXGroup;
			children = (
				490001352661EABE00EF0CEE /* berries */,
				490001342661EABE00EF0CEE /* Products */,
			);
			sourceTree = "<group>";
		};
		490001342661EABE00EF0CEE /* Products */ = {
			isa = PBXGroup;
			children = (
				490001332661EABE00EF0CEE /* berries.app */,
			);
			name = Products;
			sourceTree = "<group>";
		};
		490001352661EABE00EF0CEE /* berries */ = {
			isa = PBXGroup;
			children = (
				490001502662268000EF0CEE /* Data */,
				4900014D266224DF00EF0CEE /* Model */,
				490001462661FABB00EF0CEE /* View */,
				490001452661FA8E00EF0CEE /* App */,
				4900013A2661EABE00EF0CEE /* Assets.xcassets */,
				4900013F2661EABE00EF0CEE /* Info.plist */,
				4900013C2661EABE00EF0CEE /* Preview Content */,
			);
			path = berries;
			sourceTree = "<group>";
		};
		4900013C2661EABE00EF0CEE /* Preview Content */ = {
			isa = PBXGroup;
			children = (
				4900013D2661EABE00EF0CEE /* Preview Assets.xcassets */,
			);
			path = "Preview Content";
			sourceTree = "<group>";
		};
		490001452661FA8E00EF0CEE /* App */ = {
			isa = PBXGroup;
			children = (
				490001362661EABE00EF0CEE /* berriesApp.swift */,
				490001382661EABE00EF0CEE /* ContentView.swift */,
				4900014B26621CB200EF0CEE /* OnBoardingView.swift */,
			);
			path = App;
			sourceTree = "<group>";
		};
		490001462661FABB00EF0CEE /* View */ = {
			isa = PBXGroup;
			children = (
				490001472661FB2F00EF0CEE /* BerryCardView.swift */,
				490001492662042200EF0CEE /* StartButtonView.swift */,
				497C295826636B6F0011A440 /* BerryRowView.swift */,
				497C295A266384770011A440 /* BerryDetailView.swift */,
				497C295C26638BC40011A440 /* BerryHeaderView.swift */,
				497C295E266392FF0011A440 /* SourceLinkView.swift */,
				497C2960266398550011A440 /* BerryNutrientsView.swift */,
			);
			path = View;
			sourceTree = "<group>";
		};
		4900014D266224DF00EF0CEE /* Model */ = {
			isa = PBXGroup;
			children = (
				4900014E266224FF00EF0CEE /* BerryModel.swift */,
			);
			path = Model;
			sourceTree = "<group>";
		};
		490001502662268000EF0CEE /* Data */ = {
			isa = PBXGroup;
			children = (
				490001512662269800EF0CEE /* BerryData.swift */,
			);
			path = Data;
			sourceTree = "<group>";
		};
/* End PBXGroup section */

/* Begin PBXNativeTarget section */
		490001322661EABE00EF0CEE /* berries */ = {
			isa = PBXNativeTarget;
			buildConfigurationList = 490001422661EABE00EF0CEE /* Build configuration list for PBXNativeTarget "berries" */;
			buildPhases = (
				4900012F2661EABE00EF0CEE /* Sources */,
				490001302661EABE00EF0CEE /* Frameworks */,
				490001312661EABE00EF0CEE /* Resources */,
			);
			buildRules = (
			);
			dependencies = (
			);
			name = berries;
			productName = berries;
			productReference = 490001332661EABE00EF0CEE /* berries.app */;
			productType = "com.apple.product-type.application";
		};
/* End PBXNativeTarget section */

/* Begin PBXProject section */
		4900012B2661EABE00EF0CEE /* Project object */ = {
			isa = PBXProject;
			attributes = {
				LastSwiftUpdateCheck = 1250;
				LastUpgradeCheck = 1250;
				TargetAttributes = {
					490001322661EABE00EF0CEE = {
						CreatedOnToolsVersion = 12.5;
					};
				};
			};
			buildConfigurationList = 4900012E2661EABE00EF0CEE /* Build configuration list for PBXProject "berries" */;
			compatibilityVersion = "Xcode 9.3";
			developmentRegion = en;
			hasScannedForEncodings = 0;
			knownRegions = (
				en,
				Base,
			);
			mainGroup = 4900012A2661EABE00EF0CEE;
			productRefGroup = 490001342661EABE00EF0CEE /* Products */;
			projectDirPath = "";
			projectRoot = "";
			targets = (
				490001322661EABE00EF0CEE /* berries */,
			);
		};
/* End PBXProject section */

/* Begin PBXResourcesBuildPhase section */
		490001312661EABE00EF0CEE /* Resources */ = {
			isa = PBXResourcesBuildPhase;
			buildActionMask = 2147483647;
			files = (
				4900013E2661EABE00EF0CEE /* Preview Assets.xcassets in Resources */,
				4900013B2661EABE00EF0CEE /* Assets.xcassets in Resources */,
			);
			runOnlyForDeploymentPostprocessing = 0;
		};
/* End PBXResourcesBuildPhase section */

/* Begin PBXSourcesBuildPhase section */
		4900012F2661EABE00EF0CEE /* Sources */ = {
			isa = PBXSourcesBuildPhase;
			buildActionMask = 2147483647;
			files = (
				497C295B266384770011A440 /* BerryDetailView.swift in Sources */,
				497C295F266392FF0011A440 /* SourceLinkView.swift in Sources */,
				490001392661EABE00EF0CEE /* ContentView.swift in Sources */,
				497C295D26638BC40011A440 /* BerryHeaderView.swift in Sources */,
				4900014A2662042200EF0CEE /* StartButtonView.swift in Sources */,
				490001522662269800EF0CEE /* BerryData.swift in Sources */,
				4900014F266224FF00EF0CEE /* BerryModel.swift in Sources */,
				497C295926636B6F0011A440 /* BerryRowView.swift in Sources */,
				490001482661FB2F00EF0CEE /* BerryCardView.swift in Sources */,
				4900014C26621CB200EF0CEE /* OnBoardingView.swift in Sources */,
				497C2961266398550011A440 /* BerryNutrientsView.swift in Sources */,
				490001372661EABE00EF0CEE /* berriesApp.swift in Sources */,
			);
			runOnlyForDeploymentPostprocessing = 0;
		};
/* End PBXSourcesBuildPhase section */

/* Begin XCBuildConfiguration section */
		490001402661EABE00EF0CEE /* Debug */ = {
			isa = XCBuildConfiguration;
			buildSettings = {
				ALWAYS_SEARCH_USER_PATHS = NO;
				CLANG_ANALYZER_NONNULL = YES;
				CLANG_ANALYZER_NUMBER_OBJECT_CONVERSION = YES_AGGRESSIVE;
				CLANG_CXX_LANGUAGE_STANDARD = "gnu++14";
				CLANG_CXX_LIBRARY = "libc++";
				CLANG_ENABLE_MODULES = YES;
				CLANG_ENABLE_OBJC_ARC = YES;
				CLANG_ENABLE_OBJC_WEAK = YES;
				CLANG_WARN_BLOCK_CAPTURE_AUTORELEASING = YES;
				CLANG_WARN_BOOL_CONVERSION = YES;
				CLANG_WARN_COMMA = YES;
				CLANG_WARN_CONSTANT_CONVERSION = YES;
				CLANG_WARN_DEPRECATED_OBJC_IMPLEMENTATIONS = YES;
				CLANG_WARN_DIRECT_OBJC_ISA_USAGE = YES_ERROR;
				CLANG_WARN_DOCUMENTATION_COMMENTS = YES;
				CLANG_WARN_EMPTY_BODY = YES;
				CLANG_WARN_ENUM_CONVERSION = YES;
				CLANG_WARN_INFINITE_RECURSION = YES;
				CLANG_WARN_INT_CONVERSION = YES;
				CLANG_WARN_NON_LITERAL_NULL_CONVERSION = YES;
				CLANG_WARN_OBJC_IMPLICIT_RETAIN_SELF = YES;
				CLANG_WARN_OBJC_LITERAL_CONVERSION = YES;
				CLANG_WARN_OBJC_ROOT_CLASS = YES_ERROR;
				CLANG_WARN_QUOTED_INCLUDE_IN_FRAMEWORK_HEADER = YES;
				CLANG_WARN_RANGE_LOOP_ANALYSIS = YES;
				CLANG_WARN_STRICT_PROTOTYPES = YES;
				CLANG_WARN_SUSPICIOUS_MOVE = YES;
				CLANG_WARN_UNGUARDED_AVAILABILITY = YES_AGGRESSIVE;
				CLANG_WARN_UNREACHABLE_CODE = YES;
				CLANG_WARN__DUPLICATE_METHOD_MATCH = YES;
				COPY_PHASE_STRIP = NO;
				DEBUG_INFORMATION_FORMAT = dwarf;
				ENABLE_STRICT_OBJC_MSGSEND = YES;
				ENABLE_TESTABILITY = YES;
				GCC_C_LANGUAGE_STANDARD = gnu11;
				GCC_DYNAMIC_NO_PIC = NO;
				GCC_NO_COMMON_BLOCKS = YES;
				GCC_OPTIMIZATION_LEVEL = 0;
				GCC_PREPROCESSOR_DEFINITIONS = (
					"DEBUG=1",
					"$(inherited)",
				);
				GCC_WARN_64_TO_32_BIT_CONVERSION = YES;
				GCC_WARN_ABOUT_RETURN_TYPE = YES_ERROR;
				GCC_WARN_UNDECLARED_SELECTOR = YES;
				GCC_WARN_UNINITIALIZED_AUTOS = YES_AGGRESSIVE;
				GCC_WARN_UNUSED_FUNCTION = YES;
				GCC_WARN_UNUSED_VARIABLE = YES;
				IPHONEOS_DEPLOYMENT_TARGET = 14.5;
				MTL_ENABLE_DEBUG_INFO = INCLUDE_SOURCE;
				MTL_FAST_MATH = YES;
				ONLY_ACTIVE_ARCH = YES;
				SDKROOT = iphoneos;
				SWIFT_ACTIVE_COMPILATION_CONDITIONS = DEBUG;
				SWIFT_OPTIMIZATION_LEVEL = "-Onone";
			};
			name = Debug;
		};
		490001412661EABE00EF0CEE /* Release */ = {
			isa = XCBuildConfiguration;
			buildSettings = {
				ALWAYS_SEARCH_USER_PATHS = NO;
				CLANG_ANALYZER_NONNULL = YES;
				CLANG_ANALYZER_NUMBER_OBJECT_CONVERSION = YES_AGGRESSIVE;
				CLANG_CXX_LANGUAGE_STANDARD = "gnu++14";
				CLANG_CXX_LIBRARY = "libc++";
				CLANG_ENABLE_MODULES = YES;
				CLANG_ENABLE_OBJC_ARC = YES;
				CLANG_ENABLE_OBJC_WEAK = YES;
				CLANG_WARN_BLOCK_CAPTURE_AUTORELEASING = YES;
				CLANG_WARN_BOOL_CONVERSION = YES;
				CLANG_WARN_COMMA = YES;
				CLANG_WARN_CONSTANT_CONVERSION = YES;
				CLANG_WARN_DEPRECATED_OBJC_IMPLEMENTATIONS = YES;
				CLANG_WARN_DIRECT_OBJC_ISA_USAGE = YES_ERROR;
				CLANG_WARN_DOCUMENTATION_COMMENTS = YES;
				CLANG_WARN_EMPTY_BODY = YES;
				CLANG_WARN_ENUM_CONVERSION = YES;
				CLANG_WARN_INFINITE_RECURSION = YES;
				CLANG_WARN_INT_CONVERSION = YES;
				CLANG_WARN_NON_LITERAL_NULL_CONVERSION = YES;
				CLANG_WARN_OBJC_IMPLICIT_RETAIN_SELF = YES;
				CLANG_WARN_OBJC_LITERAL_CONVERSION = YES;
				CLANG_WARN_OBJC_ROOT_CLASS = YES_ERROR;
				CLANG_WARN_QUOTED_INCLUDE_IN_FRAMEWORK_HEADER = YES;
				CLANG_WARN_RANGE_LOOP_ANALYSIS = YES;
				CLANG_WARN_STRICT_PROTOTYPES = YES;
				CLANG_WARN_SUSPICIOUS_MOVE = YES;
				CLANG_WARN_UNGUARDED_AVAILABILITY = YES_AGGRESSIVE;
				CLANG_WARN_UNREACHABLE_CODE = YES;
				CLANG_WARN__DUPLICATE_METHOD_MATCH = YES;
				COPY_PHASE_STRIP = NO;
				DEBUG_INFORMATION_FORMAT = "dwarf-with-dsym";
				ENABLE_NS_ASSERTIONS = NO;
				ENABLE_STRICT_OBJC_MSGSEND = YES;
				GCC_C_LANGUAGE_STANDARD = gnu11;
				GCC_NO_COMMON_BLOCKS = YES;
				GCC_WARN_64_TO_32_BIT_CONVERSION = YES;
				GCC_WARN_ABOUT_RETURN_TYPE = YES_ERROR;
				GCC_WARN_UNDECLARED_SELECTOR = YES;
				GCC_WARN_UNINITIALIZED_AUTOS = YES_AGGRESSIVE;
				GCC_WARN_UNUSED_FUNCTION = YES;
				GCC_WARN_UNUSED_VARIABLE = YES;
				IPHONEOS_DEPLOYMENT_TARGET = 14.5;
				MTL_ENABLE_DEBUG_INFO = NO;
				MTL_FAST_MATH = YES;
				SDKROOT = iphoneos;
				SWIFT_COMPILATION_MODE = wholemodule;
				SWIFT_OPTIMIZATION_LEVEL = "-O";
				VALIDATE_PRODUCT = YES;
			};
			name = Release;
		};
		490001432661EABE00EF0CEE /* Debug */ = {
			isa = XCBuildConfiguration;
			buildSettings = {
				ASSETCATALOG_COMPILER_APPICON_NAME = AppIcon;
				ASSETCATALOG_COMPILER_GLOBAL_ACCENT_COLOR_NAME = AccentColor;
				CODE_SIGN_STYLE = Automatic;
				DEVELOPMENT_ASSET_PATHS = "\"berries/Preview Content\"";
				DEVELOPMENT_TEAM = NU32399URS;
				ENABLE_PREVIEWS = YES;
				INFOPLIST_FILE = berries/Info.plist;
				IPHONEOS_DEPLOYMENT_TARGET = 14.0;
				LD_RUNPATH_SEARCH_PATHS = (
					"$(inherited)",
					"@executable_path/Frameworks",
				);
				PRODUCT_BUNDLE_IDENTIFIER = com.albinjoseph.berries;
				PRODUCT_NAME = "$(TARGET_NAME)";
				SWIFT_VERSION = 5.0;
				TARGETED_DEVICE_FAMILY = "1,2";
			};
			name = Debug;
		};
		490001442661EABE00EF0CEE /* Release */ = {
			isa = XCBuildConfiguration;
			buildSettings = {
				ASSETCATALOG_COMPILER_APPICON_NAME = AppIcon;
				ASSETCATALOG_COMPILER_GLOBAL_ACCENT_COLOR_NAME = AccentColor;
				CODE_SIGN_STYLE = Automatic;
				DEVELOPMENT_ASSET_PATHS = "\"berries/Preview Content\"";
				DEVELOPMENT_TEAM = NU32399URS;
				ENABLE_PREVIEWS = YES;
				INFOPLIST_FILE = berries/Info.plist;
				IPHONEOS_DEPLOYMENT_TARGET = 14.0;
				LD_RUNPATH_SEARCH_PATHS = (
					"$(inherited)",
					"@executable_path/Frameworks",
				);
				PRODUCT_BUNDLE_IDENTIFIER = com.albinjoseph.berries;
				PRODUCT_NAME = "$(TARGET_NAME)";
				SWIFT_VERSION = 5.0;
				TARGETED_DEVICE_FAMILY = "1,2";
			};
			name = Release;
		};
/* End XCBuildConfiguration section */

/* Begin XCConfigurationList section */
		4900012E2661EABE00EF0CEE /* Build configuration list for PBXProject "berries" */ = {
			isa = XCConfigurationList;
			buildConfigurations = (
				490001402661EABE00EF0CEE /* Debug */,
				490001412661EABE00EF0CEE /* Release */,
			);
			defaultConfigurationIsVisible = 0;
			defaultConfigurationName = Release;
		};
		490001422661EABE00EF0CEE /* Build configuration list for PBXNativeTarget "berries" */ = {
			isa = XCConfigurationList;
			buildConfigurations = (
				490001432661EABE00EF0CEE /* Debug */,
				490001442661EABE00EF0CEE /* Release */,
			);
			defaultConfigurationIsVisible = 0;
			defaultConfigurationName = Release;
		};
/* End XCConfigurationList section */
	};
	rootObject = 4900012B2661EABE00EF0CEE /* Project object */;
}
